schema_version: 0.1.0
repo: SmartHausGroup/.github
standard_commit: d76daeb86432b00826fa7b02613dedae0ab24ad3
algorithm: sha256
entries:
  - id: repo_cicd_standard
    path: /Users/smarthaus/Projects/GitHub/standards/repo-cicd-conformance/00-authority/live/SMARTHAUS_REPO_CICD_CONFORMANCE_STANDARD.md
    sha256: 2c8b8aca1eb900b8a5e60778251f18d19b249124a7ed60494259760d4f0f91f7
  - id: repo_cicd_manifest_schema
    path: /Users/smarthaus/Projects/GitHub/standards/repo-cicd-conformance/30-contracts/schemas/repo_cicd_conformance.schema.json
    sha256: 16eb1e1c7e2d2ecb3916a538257307124b403ec586435a908302a4c39927b491
  - id: repo_cicd_scorecard_schema
    path: /Users/smarthaus/Projects/GitHub/standards/repo-cicd-conformance/30-contracts/schemas/repo_cicd_scorecard.schema.json
    sha256: 425e72a2aca3d75ffeee3bcd046c86d9eb0329e8dc5a3c2194b9fb777053b52b
  - id: repo_cicd_check_context_map
    path: /Users/smarthaus/Projects/GitHub/standards/repo-cicd-conformance/30-contracts/profiles/required_check_context_map.yaml
    sha256: bf551a18368d41f83bcf974ec030870ebaf0a9cb742f7a5abcdf2fc2c0a197d2
  - id: github_org_profile_repo_manifest
    path: configs/ucp/repo_cicd.yaml
    sha256: f2c7dbaeb622f72d8c21ef6371fd608d72b758622d1ad4c8f6daf3ddd207d01b
  - id: github_org_profile_standard_sources
    path: configs/ucp/standard_sources.yaml
    sha256: ba8903ca764dd4d6d0b1685fbc1c5253223c824a0f3243ab71757a90369fd10c
  - id: github_org_profile_toolchain_lock
    path: configs/ucp/standard_toolchain.lock
    sha256: 393d44d3e183734e95fec8530d360effb4c1a9b6283db1ab3ec3661492af5702
  - id: github_org_profile_ci_workflow
    path: .github/workflows/repo-cicd-conformance.yml
    sha256: 50dffd72bf22a813c9b11bda879818d68c6e7363bab4255c0d53fa1266643c11
  - id: github_org_profile_branch_ruleset
    path: .github/rulesets/protected-branches.json
    sha256: 42600abdcb33fc5a2772c38377f6f2cca27b93c681401797b13d9270595a02aa
  - id: github_org_profile_makefile
    path: Makefile
    sha256: 1d4b9c0507e08d40685c7bd6cf477ccf7cfa89e0976a8c0bc3ca61d9528cd412
  - id: github_org_profile_make_ai
    path: Makefile.ai
    sha256: 38872357acbf278800532260eff528308f995d831c40a482cac7a463e4ae95ca
  - id: github_org_profile_verifier_script
    path: scripts/ci/verify_repo_cicd_conformance.py
    sha256: 4186b7033b61d33098d5756efa8080e07e3f6180a247b436e7067e849016edb6
  - id: github_org_profile_evidence_script
    path: scripts/ci/build_repo_cicd_evidence.py
    sha256: 4fe76152550020ca5d70710bca2d06d502dadee1dd547018ba1367614369bcdc
  - id: github_org_profile_cicd_phase0
    path: docs/ma/cicd_conformance_phase0_intent.md
    sha256: 280c685033e66a8d62c6891f0891448e3fc2ea3ccd908521691122a94208f099
  - id: github_org_profile_cicd_phase1
    path: docs/ma/cicd_conformance_phase1_formula.md
    sha256: 0e53b8a8f040cd36e9e11104f0695b48b9b4b7e0cc17e80ea487aa12a123debb
  - id: github_org_profile_cicd_phase2
    path: docs/ma/cicd_conformance_phase2_calculus.md
    sha256: 98a4d331f22b16a0978039fd710e8b1877c2f44b3ad208e2df10bdd084aa40ee
  - id: github_org_profile_cicd_phase3
    path: docs/ma/cicd_conformance_phase3_lemmas.md
    sha256: 33453d6acbdf8f4c4a74dc99cdd73eafdfcc90373c36e047d12203600548e10c
  - id: github_org_profile_cicd_invariants
    path: invariants/cicd_conformance.yaml
    sha256: 3bb7fac35f348117a5e7fae445333064637853cbaa7a9b56cc150c21f2ea1b1d
  - id: github_org_profile_cicd_notebook
    path: notebooks/ma/cicd_conformance.ipynb
    sha256: 1427afc5af686f2a30145cdb1144611d71a962897a908498112338b5b5c5e871
  - id: github_org_profile_cicd_scorecard
    path: artifacts/scorecards/cicd_conformance.json
    sha256: fcf3d10ec6c36921260a6e1d4e4e6f6487601eef2148f97450b5dd5ef1249e14
