schema_version: 0.1.0
repo: SmartHausGroup/.github
toolchain:
  python: "3.11"
  python_binding: actions/setup-python selected `python` or explicit Make VENV_PY override
  notebook_seed: 1729
  make_targets:
    - repo-cicd-conformance
    - ai-validate-full
    - ai-evidence-pack
    - ai-pack-verify
